<?xml version="1.0" encoding="utf-8"?>
<Project ToolsVersion="4.0" xmlns="http://schemas.microsoft.com/developer/msbuild/2003">
  <ItemGroup>
    <Filter Include="core">
      <UniqueIdentifier>{a1000000-0000-0000-0000-000000000001}</UniqueIdentifier>
    </Filter>
    <Filter Include="math">
      <UniqueIdentifier>{a1000000-0000-0000-0000-000000000002}</UniqueIdentifier>
    </Filter>
    <Filter Include="platform">
      <UniqueIdentifier>{a1000000-0000-0000-0000-000000000003}</UniqueIdentifier>
    </Filter>
    <Filter Include="render">
      <UniqueIdentifier>{a1000000-0000-0000-0000-000000000004}</UniqueIdentifier>
    </Filter>
    <Filter Include="shaders">
      <UniqueIdentifier>{a1000000-0000-0000-0000-000000000005}</UniqueIdentifier>
    </Filter>
    <Filter Include="physics">
      <UniqueIdentifier>{a1000000-0000-0000-0000-000000000006}</UniqueIdentifier>
    </Filter>
    <Filter Include="vehicle">
      <UniqueIdentifier>{a1000000-0000-0000-0000-000000000007}</UniqueIdentifier>
    </Filter>
    <Filter Include="ui">
      <UniqueIdentifier>{a1000000-0000-0000-0000-000000000008}</UniqueIdentifier>
    </Filter>
    <Filter Include="assets">
      <UniqueIdentifier>{a1000000-0000-0000-0000-000000000009}</UniqueIdentifier>
    </Filter>
    <Filter Include="world">
      <UniqueIdentifier>{a1000000-0000-0000-0000-00000000000a}</UniqueIdentifier>
    </Filter>
    <Filter Include="tools">
      <UniqueIdentifier>{a1000000-0000-0000-0000-00000000000b}</UniqueIdentifier>
    </Filter>
  </ItemGroup>
  <ItemGroup>
    <ClCompile Include="src\main.c" />
    <ClCompile Include="src\core\arena.c">
      <Filter>core</Filter>
    </ClCompile>
    <ClCompile Include="src\core\log.c">
      <Filter>core</Filter>
    </ClCompile>
    <ClCompile Include="src\core\config.c">
      <Filter>core</Filter>
    </ClCompile>
    <ClCompile Include="src\assets\assets.c">
      <Filter>assets</Filter>
    </ClCompile>
    <ClCompile Include="src\render\terrain_render.c">
      <Filter>render</Filter>
    </ClCompile>
    <ClCompile Include="src\world\terrain.c">
      <Filter>world</Filter>
    </ClCompile>
    <ClCompile Include="src\world\world.c">
      <Filter>world</Filter>
    </ClCompile>
    <ClCompile Include="src\world\zone.c">
      <Filter>world</Filter>
    </ClCompile>
    <ClCompile Include="src\core\pool.c">
      <Filter>core</Filter>
    </ClCompile>
    <ClCompile Include="src\ui\ui.c">
      <Filter>ui</Filter>
    </ClCompile>
    <ClCompile Include="src\vehicle\drivetrain.c">
      <Filter>vehicle</Filter>
    </ClCompile>
    <ClCompile Include="src\vehicle\tire.c">
      <Filter>vehicle</Filter>
    </ClCompile>
    <ClCompile Include="src\vehicle\vehicle.c">
      <Filter>vehicle</Filter>
    </ClCompile>
    <ClCompile Include="src\vehicle\vehicle_config.c">
      <Filter>vehicle</Filter>
    </ClCompile>
    <ClCompile Include="src\physics\collide.c">
      <Filter>physics</Filter>
    </ClCompile>
    <ClCompile Include="src\physics\heightfield.c">
      <Filter>physics</Filter>
    </ClCompile>
    <ClCompile Include="src\physics\physics.c">
      <Filter>physics</Filter>
    </ClCompile>
    <ClCompile Include="src\math\vmath.c">
      <Filter>math</Filter>
    </ClCompile>
    <ClCompile Include="src\platform\gl_loader.c">
      <Filter>platform</Filter>
    </ClCompile>
    <ClCompile Include="src\platform\platform.c">
      <Filter>platform</Filter>
    </ClCompile>
    <ClCompile Include="src\render\camera.c">
      <Filter>render</Filter>
    </ClCompile>
    <ClCompile Include="src\render\debug_draw.c">
      <Filter>render</Filter>
    </ClCompile>
    <ClCompile Include="src\render\render.c">
      <Filter>render</Filter>
    </ClCompile>
    <ClCompile Include="src\render\text.c">
      <Filter>render</Filter>
    </ClCompile>
  </ItemGroup>
  <ItemGroup>
    <ClInclude Include="src\core\types.h">
      <Filter>core</Filter>
    </ClInclude>
    <ClInclude Include="src\core\arena.h">
      <Filter>core</Filter>
    </ClInclude>
    <ClInclude Include="src\core\log.h">
      <Filter>core</Filter>
    </ClInclude>
    <ClInclude Include="src\core\config.h">
      <Filter>core</Filter>
    </ClInclude>
    <ClInclude Include="src\assets\assets.h">
      <Filter>assets</Filter>
    </ClInclude>
    <ClInclude Include="src\assets\mesh_format.h">
      <Filter>assets</Filter>
    </ClInclude>
    <ClInclude Include="src\render\terrain_render.h">
      <Filter>render</Filter>
    </ClInclude>
    <ClInclude Include="src\world\terrain.h">
      <Filter>world</Filter>
    </ClInclude>
    <ClInclude Include="src\world\world.h">
      <Filter>world</Filter>
    </ClInclude>
    <ClInclude Include="src\world\zone.h">
      <Filter>world</Filter>
    </ClInclude>
    <ClInclude Include="src\core\pool.h">
      <Filter>core</Filter>
    </ClInclude>
    <ClInclude Include="src\ui\ui.h">
      <Filter>ui</Filter>
    </ClInclude>
    <ClInclude Include="src\vehicle\drivetrain.h">
      <Filter>vehicle</Filter>
    </ClInclude>
    <ClInclude Include="src\vehicle\tire.h">
      <Filter>vehicle</Filter>
    </ClInclude>
    <ClInclude Include="src\vehicle\vehicle.h">
      <Filter>vehicle</Filter>
    </ClInclude>
    <ClInclude Include="src\vehicle\vehicle_config.h">
      <Filter>vehicle</Filter>
    </ClInclude>
    <ClInclude Include="src\core\rng.h">
      <Filter>core</Filter>
    </ClInclude>
    <ClInclude Include="src\physics\collide.h">
      <Filter>physics</Filter>
    </ClInclude>
    <ClInclude Include="src\physics\heightfield.h">
      <Filter>physics</Filter>
    </ClInclude>
    <ClInclude Include="src\physics\physics.h">
      <Filter>physics</Filter>
    </ClInclude>
    <ClInclude Include="src\math\vmath.h">
      <Filter>math</Filter>
    </ClInclude>
    <ClInclude Include="src\platform\gl_loader.h">
      <Filter>platform</Filter>
    </ClInclude>
    <ClInclude Include="src\platform\platform.h">
      <Filter>platform</Filter>
    </ClInclude>
    <ClInclude Include="src\render\camera.h">
      <Filter>render</Filter>
    </ClInclude>
    <ClInclude Include="src\render\debug_draw.h">
      <Filter>render</Filter>
    </ClInclude>
    <ClInclude Include="src\render\render.h">
      <Filter>render</Filter>
    </ClInclude>
    <ClInclude Include="src\render\text.h">
      <Filter>render</Filter>
    </ClInclude>
  </ItemGroup>
  <ItemGroup>
    <None Include="shaders\debug.vert">
      <Filter>shaders</Filter>
    </None>
    <None Include="shaders\debug.frag">
      <Filter>shaders</Filter>
    </None>
    <None Include="shaders\text.vert">
      <Filter>shaders</Filter>
    </None>
    <None Include="shaders\text.frag">
      <Filter>shaders</Filter>
    </None>
    <None Include="shaders\debug2d.vert">
      <Filter>shaders</Filter>
    </None>
    <None Include="shaders\debug2d.frag">
      <Filter>shaders</Filter>
    </None>
    <None Include="assets\cars\wagon.cfg">
      <Filter>assets</Filter>
    </None>
    <None Include="assets\zones\testzone\zone.cfg">
      <Filter>assets</Filter>
    </None>
    <None Include="shaders\mesh.vert">
      <Filter>shaders</Filter>
    </None>
    <None Include="shaders\mesh.frag">
      <Filter>shaders</Filter>
    </None>
    <None Include="shaders\terrain.vert">
      <Filter>shaders</Filter>
    </None>
    <None Include="shaders\terrain.frag">
      <Filter>shaders</Filter>
    </None>
    <None Include="tools\make_meshes.py">
      <Filter>tools</Filter>
    </None>
    <None Include="tools\make_testzone.py">
      <Filter>tools</Filter>
    </None>
    <None Include="tools\mesh_export.py">
      <Filter>tools</Filter>
    </None>
  </ItemGroup>
</Project>
